
Microsoft Visual Studio Solution File, Format Version 12.00
# Visual Studio Version 17
VisualStudioVersion = 17.3.32804.467
MinimumVisualStudioVersion = 10.0.40219.1
Project("{FAE04EC0-301F-11D3-BF4B-00C04F79EFBC}") = "CaptureTheFlag", "CaptureTheFlag\CaptureTheFlag.csproj", "{4D2E033F-9ED4-44A7-8022-FEC29D3120BA}"
EndProject
Global
	GlobalSection(SolutionConfigurationPlatforms) = preSolution
		Debug|Any CPU = Debug|Any CPU
		Release|Any CPU = Release|Any CPU
	EndGlobalSection
	GlobalSection(ProjectConfigurationPlatforms) = postSolution
		{4D2E033F-9ED4-44A7-8022-FEC29D3120BA}.Debug|Any CPU.ActiveCfg = Debug|Any CPU
		{4D2E033F-9ED4-44A7-8022-FEC29D3120BA}.Debug|Any CPU.Build.0 = Debug|Any CPU
		{4D2E033F-9ED4-44A7-8022-FEC29D3120BA}.Release|Any CPU.ActiveCfg = Release|Any CPU
		{4D2E033F-9ED4-44A7-8022-FEC29D3120BA}.Release|Any CPU.Build.0 = Release|Any CPU
	EndGlobalSection
	GlobalSection(SolutionProperties) = preSolution
		HideSolutionNode = FALSE
	EndGlobalSection
	GlobalSection(ExtensibilityGlobals) = postSolution
		SolutionGuid = {CDBAFA4F-5EB7-44CA-97A4-B19DE90CEFC5}
	EndGlobalSection
EndGlobal
